
Microsoft Visual Studio Solution File, Format Version 12.00
# Visual Studio Version 16
VisualStudioVersion = 16.0.31112.23
MinimumVisualStudioVersion = 10.0.40219.1
Project("{FAE04EC0-301F-11D3-BF4B-00C04F79EFBC}") = "wa-mvc-itstep-hometask-News-Site", "wa-mvc-itstep-hometask-News-Site\wa-mvc-itstep-hometask-News-Site.csproj", "{C7FA2F81-BDBF-49A7-B5C3-6BBD4B9D533E}"
EndProject
Global
	GlobalSection(SolutionConfigurationPlatforms) = preSolution
		Debug|Any CPU = Debug|Any CPU
		Release|Any CPU = Release|Any CPU
	EndGlobalSection
	GlobalSection(ProjectConfigurationPlatforms) = postSolution
		{C7FA2F81-BDBF-49A7-B5C3-6BBD4B9D533E}.Debug|Any CPU.ActiveCfg = Debug|Any CPU
		{C7FA2F81-BDBF-49A7-B5C3-6BBD4B9D533E}.Debug|Any CPU.Build.0 = Debug|Any CPU
		{C7FA2F81-BDBF-49A7-B5C3-6BBD4B9D533E}.Release|Any CPU.ActiveCfg = Release|Any CPU
		{C7FA2F81-BDBF-49A7-B5C3-6BBD4B9D533E}.Release|Any CPU.Build.0 = Release|Any CPU
	EndGlobalSection
	GlobalSection(SolutionProperties) = preSolution
		HideSolutionNode = FALSE
	EndGlobalSection
	GlobalSection(ExtensibilityGlobals) = postSolution
		SolutionGuid = {DEBC9309-AFA5-4A11-A76A-E3258426241D}
	EndGlobalSection
EndGlobal
